// !$*UTF8*$!
{
	archiveVersion = 1;
	classes = {
	};
	objectVersion = 60;
	objects = {

/* Begin PBXBuildFile section */
		E44298332C8A0E7E006B30A0 /* WeatherView.swift in Sources */ = {isa = PBXBuildFile; fileRef = E44298312C8A0E7E006B30A0 /* WeatherView.swift */; };
		E44298382C8A2110006B30A0 /* NetworkService.swift in Sources */ = {isa = PBXBuildFile; fileRef = E44298372C8A2110006B30A0 /* NetworkService.swift */; };
		E442983B2C8A211F006B30A0 /* NetworkError.swift in Sources */ = {isa = PBXBuildFile; fileRef = E442983A2C8A211F006B30A0 /* NetworkError.swift */; };
		E442983D2C8A2173006B30A0 /* CurrentWeather.swift in Sources */ = {isa = PBXBuildFile; fileRef = E442983C2C8A2173006B30A0 /* CurrentWeather.swift */; };
		E44827C62C87565600E35A80 /* AppDelegate.swift in Sources */ = {isa = PBXBuildFile; fileRef = E44827C52C87565600E35A80 /* AppDelegate.swift */; };
		E44827CA2C87565600E35A80 /* MainViewController.swift in Sources */ = {isa = PBXBuildFile; fileRef = E44827C92C87565600E35A80 /* MainViewController.swift */; };
		E44827CF2C87565700E35A80 /* Assets.xcassets in Resources */ = {isa = PBXBuildFile; fileRef = E44827CE2C87565700E35A80 /* Assets.xcassets */; };
		E44827D22C87565700E35A80 /* LaunchScreen.storyboard in Resources */ = {isa = PBXBuildFile; fileRef = E44827D02C87565700E35A80 /* LaunchScreen.storyboard */; };
		E44827DD2C87570A00E35A80 /* CoordinatorProtocol.swift in Sources */ = {isa = PBXBuildFile; fileRef = E44827DC2C87570A00E35A80 /* CoordinatorProtocol.swift */; };
		E44827E02C87572000E35A80 /* AppCoordinator.swift in Sources */ = {isa = PBXBuildFile; fileRef = E44827DF2C87572000E35A80 /* AppCoordinator.swift */; };
		E44827E22C87574600E35A80 /* MainViewModel.swift in Sources */ = {isa = PBXBuildFile; fileRef = E44827E12C87574600E35A80 /* MainViewModel.swift */; };
		E44827E62C8757DE00E35A80 /* CollectionViewAdapter.swift in Sources */ = {isa = PBXBuildFile; fileRef = E44827E52C8757DE00E35A80 /* CollectionViewAdapter.swift */; };
		E44827E92C8757ED00E35A80 /* Section.swift in Sources */ = {isa = PBXBuildFile; fileRef = E44827E82C8757ED00E35A80 /* Section.swift */; };
		E44827EB2C87581300E35A80 /* CityCollectionCell.swift in Sources */ = {isa = PBXBuildFile; fileRef = E44827EA2C87581300E35A80 /* CityCollectionCell.swift */; };
		E44827EE2C87584C00E35A80 /* MainCellModel.swift in Sources */ = {isa = PBXBuildFile; fileRef = E44827ED2C87584C00E35A80 /* MainCellModel.swift */; };
		E44827F32C87A6E100E35A80 /* WeatherCollectionCell.swift in Sources */ = {isa = PBXBuildFile; fileRef = E44827F22C87A6E100E35A80 /* WeatherCollectionCell.swift */; };
		E44827F52C87A71100E35A80 /* CellType.swift in Sources */ = {isa = PBXBuildFile; fileRef = E44827F42C87A71100E35A80 /* CellType.swift */; };
		E492531E2C8BA25F00549232 /* TicTacToeView.swift in Sources */ = {isa = PBXBuildFile; fileRef = E492531C2C8BA25F00549232 /* TicTacToeView.swift */; };
		E49253232C8BA30D00549232 /* TicTacToeCollectionCell.swift in Sources */ = {isa = PBXBuildFile; fileRef = E49253222C8BA30D00549232 /* TicTacToeCollectionCell.swift */; };
		E49253252C8BA61500549232 /* ExtensionCell.swift in Sources */ = {isa = PBXBuildFile; fileRef = E49253242C8BA61500549232 /* ExtensionCell.swift */; };
		E492532B2C8BA8DA00549232 /* Constants.swift in Sources */ = {isa = PBXBuildFile; fileRef = E492532A2C8BA8DA00549232 /* Constants.swift */; };
		E492532D2C8BA97400549232 /* WeatherRouter.swift in Sources */ = {isa = PBXBuildFile; fileRef = E492532C2C8BA97400549232 /* WeatherRouter.swift */; };
		E49253312C8BAA5600549232 /* Alamofire in Frameworks */ = {isa = PBXBuildFile; productRef = E49253302C8BAA5600549232 /* Alamofire */; };
		E49253352C8BAA7700549232 /* RouterInterface.swift in Sources */ = {isa = PBXBuildFile; fileRef = E49253342C8BAA7700549232 /* RouterInterface.swift */; };
		E492533A2C8C72A800549232 /* TicTacToeSDK in Frameworks */ = {isa = PBXBuildFile; productRef = E49253392C8C72A800549232 /* TicTacToeSDK */; };
		E492533C2C8C72F300549232 /* Extension.swift in Sources */ = {isa = PBXBuildFile; fileRef = E492533B2C8C72F300549232 /* Extension.swift */; };
		E492533F2C8C733900549232 /* WeatherSDK in Frameworks */ = {isa = PBXBuildFile; productRef = E492533E2C8C733900549232 /* WeatherSDK */; };
		E49253412C8CD4D400549232 /* FullScreenViewController.swift in Sources */ = {isa = PBXBuildFile; fileRef = E49253402C8CD4D400549232 /* FullScreenViewController.swift */; };
		E49253462C8CD50000549232 /* FullScreenViewModel.swift in Sources */ = {isa = PBXBuildFile; fileRef = E49253452C8CD50000549232 /* FullScreenViewModel.swift */; };
		E49253492C8CEAC900549232 /* CustomCellDelegate.swift in Sources */ = {isa = PBXBuildFile; fileRef = E49253482C8CEAC900549232 /* CustomCellDelegate.swift */; };
		E492534C2C8DBBCE00549232 /* ExtensionCollor.swift in Sources */ = {isa = PBXBuildFile; fileRef = E492534B2C8DBBCE00549232 /* ExtensionCollor.swift */; };
		E49253512C8DDD2800549232 /* FullScreenButton.swift in Sources */ = {isa = PBXBuildFile; fileRef = E49253502C8DDD2800549232 /* FullScreenButton.swift */; };
/* End PBXBuildFile section */

/* Begin PBXFileReference section */
		E442982B2C8A0E41006B30A0 /* WeatherSDK.h */ = {isa = PBXFileReference; fileEncoding = 4; lastKnownFileType = sourcecode.c.h; path = WeatherSDK.h; sourceTree = "<group>"; };
		E442982F2C8A0E7E006B30A0 /* Package.swift */ = {isa = PBXFileReference; fileEncoding = 4; lastKnownFileType = sourcecode.swift; path = Package.swift; sourceTree = "<group>"; };
		E44298312C8A0E7E006B30A0 /* WeatherView.swift */ = {isa = PBXFileReference; fileEncoding = 4; lastKnownFileType = sourcecode.swift; path = WeatherView.swift; sourceTree = "<group>"; };
		E44298372C8A2110006B30A0 /* NetworkService.swift */ = {isa = PBXFileReference; lastKnownFileType = sourcecode.swift; path = NetworkService.swift; sourceTree = "<group>"; };
		E442983A2C8A211F006B30A0 /* NetworkError.swift */ = {isa = PBXFileReference; lastKnownFileType = sourcecode.swift; path = NetworkError.swift; sourceTree = "<group>"; };
		E442983C2C8A2173006B30A0 /* CurrentWeather.swift */ = {isa = PBXFileReference; lastKnownFileType = sourcecode.swift; path = CurrentWeather.swift; sourceTree = "<group>"; };
		E44827C22C87565600E35A80 /* MiniApp.app */ = {isa = PBXFileReference; explicitFileType = wrapper.application; includeInIndex = 0; path = MiniApp.app; sourceTree = BUILT_PRODUCTS_DIR; };
		E44827C52C87565600E35A80 /* AppDelegate.swift */ = {isa = PBXFileReference; lastKnownFileType = sourcecode.swift; path = AppDelegate.swift; sourceTree = "<group>"; };
		E44827C92C87565600E35A80 /* MainViewController.swift */ = {isa = PBXFileReference; lastKnownFileType = sourcecode.swift; path = MainViewController.swift; sourceTree = "<group>"; };
		E44827CE2C87565700E35A80 /* Assets.xcassets */ = {isa = PBXFileReference; lastKnownFileType = folder.assetcatalog; path = Assets.xcassets; sourceTree = "<group>"; };
		E44827D12C87565700E35A80 /* Base */ = {isa = PBXFileReference; lastKnownFileType = file.storyboard; name = Base; path = Base.lproj/LaunchScreen.storyboard; sourceTree = "<group>"; };
		E44827D32C87565700E35A80 /* Info.plist */ = {isa = PBXFileReference; lastKnownFileType = text.plist.xml; path = Info.plist; sourceTree = "<group>"; };
		E44827DC2C87570A00E35A80 /* CoordinatorProtocol.swift */ = {isa = PBXFileReference; lastKnownFileType = sourcecode.swift; path = CoordinatorProtocol.swift; sourceTree = "<group>"; };
		E44827DF2C87572000E35A80 /* AppCoordinator.swift */ = {isa = PBXFileReference; lastKnownFileType = sourcecode.swift; path = AppCoordinator.swift; sourceTree = "<group>"; };
		E44827E12C87574600E35A80 /* MainViewModel.swift */ = {isa = PBXFileReference; lastKnownFileType = sourcecode.swift; path = MainViewModel.swift; sourceTree = "<group>"; };
		E44827E52C8757DE00E35A80 /* CollectionViewAdapter.swift */ = {isa = PBXFileReference; lastKnownFileType = sourcecode.swift; path = CollectionViewAdapter.swift; sourceTree = "<group>"; };
		E44827E82C8757ED00E35A80 /* Section.swift */ = {isa = PBXFileReference; lastKnownFileType = sourcecode.swift; path = Section.swift; sourceTree = "<group>"; };
		E44827EA2C87581300E35A80 /* CityCollectionCell.swift */ = {isa = PBXFileReference; lastKnownFileType = sourcecode.swift; path = CityCollectionCell.swift; sourceTree = "<group>"; };
		E44827ED2C87584C00E35A80 /* MainCellModel.swift */ = {isa = PBXFileReference; lastKnownFileType = sourcecode.swift; path = MainCellModel.swift; sourceTree = "<group>"; };
		E44827F22C87A6E100E35A80 /* WeatherCollectionCell.swift */ = {isa = PBXFileReference; lastKnownFileType = sourcecode.swift; path = WeatherCollectionCell.swift; sourceTree = "<group>"; };
		E44827F42C87A71100E35A80 /* CellType.swift */ = {isa = PBXFileReference; lastKnownFileType = sourcecode.swift; path = CellType.swift; sourceTree = "<group>"; };
		E492531A2C8BA25F00549232 /* Package.swift */ = {isa = PBXFileReference; fileEncoding = 4; lastKnownFileType = sourcecode.swift; path = Package.swift; sourceTree = "<group>"; };
		E492531C2C8BA25F00549232 /* TicTacToeView.swift */ = {isa = PBXFileReference; fileEncoding = 4; lastKnownFileType = sourcecode.swift; path = TicTacToeView.swift; sourceTree = "<group>"; };
		E49253222C8BA30D00549232 /* TicTacToeCollectionCell.swift */ = {isa = PBXFileReference; lastKnownFileType = sourcecode.swift; path = TicTacToeCollectionCell.swift; sourceTree = "<group>"; };
		E49253242C8BA61500549232 /* ExtensionCell.swift */ = {isa = PBXFileReference; lastKnownFileType = sourcecode.swift; path = ExtensionCell.swift; sourceTree = "<group>"; };
		E492532A2C8BA8DA00549232 /* Constants.swift */ = {isa = PBXFileReference; lastKnownFileType = sourcecode.swift; path = Constants.swift; sourceTree = "<group>"; };
		E492532C2C8BA97400549232 /* WeatherRouter.swift */ = {isa = PBXFileReference; lastKnownFileType = sourcecode.swift; path = WeatherRouter.swift; sourceTree = "<group>"; };
		E49253342C8BAA7700549232 /* RouterInterface.swift */ = {isa = PBXFileReference; lastKnownFileType = sourcecode.swift; path = RouterInterface.swift; sourceTree = "<group>"; };
		E492533B2C8C72F300549232 /* Extension.swift */ = {isa = PBXFileReference; lastKnownFileType = sourcecode.swift; path = Extension.swift; sourceTree = "<group>"; };
		E49253402C8CD4D400549232 /* FullScreenViewController.swift */ = {isa = PBXFileReference; lastKnownFileType = sourcecode.swift; path = FullScreenViewController.swift; sourceTree = "<group>"; };
		E49253452C8CD50000549232 /* FullScreenViewModel.swift */ = {isa = PBXFileReference; lastKnownFileType = sourcecode.swift; path = FullScreenViewModel.swift; sourceTree = "<group>"; };
		E49253482C8CEAC900549232 /* CustomCellDelegate.swift */ = {isa = PBXFileReference; lastKnownFileType = sourcecode.swift; path = CustomCellDelegate.swift; sourceTree = "<group>"; };
		E492534B2C8DBBCE00549232 /* ExtensionCollor.swift */ = {isa = PBXFileReference; lastKnownFileType = sourcecode.swift; path = ExtensionCollor.swift; sourceTree = "<group>"; };
		E49253502C8DDD2800549232 /* FullScreenButton.swift */ = {isa = PBXFileReference; lastKnownFileType = sourcecode.swift; path = FullScreenButton.swift; sourceTree = "<group>"; };
/* End PBXFileReference section */

/* Begin PBXFrameworksBuildPhase section */
		E44827BF2C87565600E35A80 /* Frameworks */ = {
			isa = PBXFrameworksBuildPhase;
			buildActionMask = 2147483647;
			files = (
				E492533F2C8C733900549232 /* WeatherSDK in Frameworks */,
				E49253312C8BAA5600549232 /* Alamofire in Frameworks */,
				E492533A2C8C72A800549232 /* TicTacToeSDK in Frameworks */,
			);
			runOnlyForDeploymentPostprocessing = 0;
		};
/* End PBXFrameworksBuildPhase section */

/* Begin PBXGroup section */
		E44298262C8A0E41006B30A0 /* WeatherSDK */ = {
			isa = PBXGroup;
			children = (
				E442982F2C8A0E7E006B30A0 /* Package.swift */,
				E44298302C8A0E7E006B30A0 /* Sources */,
				E442982A2C8A0E41006B30A0 /* WeatherSDK */,
			);
			path = WeatherSDK;
			sourceTree = "<group>";
		};
		E442982A2C8A0E41006B30A0 /* WeatherSDK */ = {
			isa = PBXGroup;
			children = (
				E442982B2C8A0E41006B30A0 /* WeatherSDK.h */,
			);
			path = WeatherSDK;
			sourceTree = "<group>";
		};
		E44298302C8A0E7E006B30A0 /* Sources */ = {
			isa = PBXGroup;
			children = (
				E44298312C8A0E7E006B30A0 /* WeatherView.swift */,
			);
			path = Sources;
			sourceTree = "<group>";
		};
		E44298392C8A2112006B30A0 /* Network */ = {
			isa = PBXGroup;
			children = (
				E44298372C8A2110006B30A0 /* NetworkService.swift */,
				E442983A2C8A211F006B30A0 /* NetworkError.swift */,
				E442983E2C8A2175006B30A0 /* Model */,
				E492532E2C8BA97700549232 /* Routers */,
			);
			path = Network;
			sourceTree = "<group>";
		};
		E442983E2C8A2175006B30A0 /* Model */ = {
			isa = PBXGroup;
			children = (
				E442983C2C8A2173006B30A0 /* CurrentWeather.swift */,
			);
			path = Model;
			sourceTree = "<group>";
		};
		E44827B92C87565600E35A80 = {
			isa = PBXGroup;
			children = (
				E44827C42C87565600E35A80 /* MiniApp */,
				E49253112C8BA1FD00549232 /* TicTacToeSDK */,
				E44298262C8A0E41006B30A0 /* WeatherSDK */,
				E44827C32C87565600E35A80 /* Products */,
			);
			sourceTree = "<group>";
		};
		E44827C32C87565600E35A80 /* Products */ = {
			isa = PBXGroup;
			children = (
				E44827C22C87565600E35A80 /* MiniApp.app */,
			);
			name = Products;
			sourceTree = "<group>";
		};
		E44827C42C87565600E35A80 /* MiniApp */ = {
			isa = PBXGroup;
			children = (
				E44827D92C8756A400E35A80 /* Application */,
				E44827DE2C87570C00E35A80 /* Coordinator */,
				E49253522C8DDD2B00549232 /* CustomObject */,
				E49253532C8DED8500549232 /* Constants */,
				E44827DB2C8756F200E35A80 /* MainViewController */,
				E49253422C8CD4D700549232 /* FullScreenViewController */,
				E44827DA2C8756B100E35A80 /* SupportingFiles */,
				E44298392C8A2112006B30A0 /* Network */,
				E49253262C8BA63600549232 /* Extension */,
			);
			path = MiniApp;
			sourceTree = "<group>";
		};
		E44827D92C8756A400E35A80 /* Application */ = {
			isa = PBXGroup;
			children = (
				E44827C52C87565600E35A80 /* AppDelegate.swift */,
			);
			path = Application;
			sourceTree = "<group>";
		};
		E44827DA2C8756B100E35A80 /* SupportingFiles */ = {
			isa = PBXGroup;
			children = (
				E44827CE2C87565700E35A80 /* Assets.xcassets */,
				E44827D02C87565700E35A80 /* LaunchScreen.storyboard */,
				E44827D32C87565700E35A80 /* Info.plist */,
			);
			path = SupportingFiles;
			sourceTree = "<group>";
		};
		E44827DB2C8756F200E35A80 /* MainViewController */ = {
			isa = PBXGroup;
			children = (
				E44827E32C87574E00E35A80 /* MainViewModels */,
				E44827E42C8757C500E35A80 /* View */,
				E44827E72C8757E000E35A80 /* Adapter */,
				E44827EC2C87581600E35A80 /* CollectionViewCell */,
				E44827EF2C87585500E35A80 /* Model */,
			);
			path = MainViewController;
			sourceTree = "<group>";
		};
		E44827DE2C87570C00E35A80 /* Coordinator */ = {
			isa = PBXGroup;
			children = (
				E44827DC2C87570A00E35A80 /* CoordinatorProtocol.swift */,
				E44827DF2C87572000E35A80 /* AppCoordinator.swift */,
			);
			path = Coordinator;
			sourceTree = "<group>";
		};
		E44827E32C87574E00E35A80 /* MainViewModels */ = {
			isa = PBXGroup;
			children = (
				E44827E12C87574600E35A80 /* MainViewModel.swift */,
			);
			path = MainViewModels;
			sourceTree = "<group>";
		};
		E44827E42C8757C500E35A80 /* View */ = {
			isa = PBXGroup;
			children = (
				E44827C92C87565600E35A80 /* MainViewController.swift */,
			);
			path = View;
			sourceTree = "<group>";
		};
		E44827E72C8757E000E35A80 /* Adapter */ = {
			isa = PBXGroup;
			children = (
				E44827E52C8757DE00E35A80 /* CollectionViewAdapter.swift */,
				E44827E82C8757ED00E35A80 /* Section.swift */,
			);
			path = Adapter;
			sourceTree = "<group>";
		};
		E44827EC2C87581600E35A80 /* CollectionViewCell */ = {
			isa = PBXGroup;
			children = (
				E44827F92C8850D200E35A80 /* ContentView */,
				E492534A2C8CEACC00549232 /* Delegate */,
				E44827F82C8850C800E35A80 /* Type */,
			);
			path = CollectionViewCell;
			sourceTree = "<group>";
		};
		E44827EF2C87585500E35A80 /* Model */ = {
			isa = PBXGroup;
			children = (
				E44827ED2C87584C00E35A80 /* MainCellModel.swift */,
			);
			path = Model;
			sourceTree = "<group>";
		};
		E44827F82C8850C800E35A80 /* Type */ = {
			isa = PBXGroup;
			children = (
				E44827F42C87A71100E35A80 /* CellType.swift */,
			);
			path = Type;
			sourceTree = "<group>";
		};
		E44827F92C8850D200E35A80 /* ContentView */ = {
			isa = PBXGroup;
			children = (
				E44827EA2C87581300E35A80 /* CityCollectionCell.swift */,
				E44827F22C87A6E100E35A80 /* WeatherCollectionCell.swift */,
				E49253222C8BA30D00549232 /* TicTacToeCollectionCell.swift */,
			);
			path = ContentView;
			sourceTree = "<group>";
		};
		E49253112C8BA1FD00549232 /* TicTacToeSDK */ = {
			isa = PBXGroup;
			children = (
				E492531A2C8BA25F00549232 /* Package.swift */,
				E492531B2C8BA25F00549232 /* Sources */,
			);
			path = TicTacToeSDK;
			sourceTree = "<group>";
		};
		E492531B2C8BA25F00549232 /* Sources */ = {
			isa = PBXGroup;
			children = (
				E492531C2C8BA25F00549232 /* TicTacToeView.swift */,
				E492533B2C8C72F300549232 /* Extension.swift */,
			);
			path = Sources;
			sourceTree = "<group>";
		};
		E49253262C8BA63600549232 /* Extension */ = {
			isa = PBXGroup;
			children = (
				E49253242C8BA61500549232 /* ExtensionCell.swift */,
				E492534B2C8DBBCE00549232 /* ExtensionCollor.swift */,
			);
			path = Extension;
			sourceTree = "<group>";
		};
		E492532E2C8BA97700549232 /* Routers */ = {
			isa = PBXGroup;
			children = (
				E49253342C8BAA7700549232 /* RouterInterface.swift */,
				E492532C2C8BA97400549232 /* WeatherRouter.swift */,
			);
			path = Routers;
			sourceTree = "<group>";
		};
		E49253422C8CD4D700549232 /* FullScreenViewController */ = {
			isa = PBXGroup;
			children = (
				E49253472C8CD51000549232 /* ViewModel */,
				E49253432C8CD4E900549232 /* View */,
			);
			path = FullScreenViewController;
			sourceTree = "<group>";
		};
		E49253432C8CD4E900549232 /* View */ = {
			isa = PBXGroup;
			children = (
				E49253402C8CD4D400549232 /* FullScreenViewController.swift */,
			);
			path = View;
			sourceTree = "<group>";
		};
		E49253472C8CD51000549232 /* ViewModel */ = {
			isa = PBXGroup;
			children = (
				E49253452C8CD50000549232 /* FullScreenViewModel.swift */,
			);
			path = ViewModel;
			sourceTree = "<group>";
		};
		E492534A2C8CEACC00549232 /* Delegate */ = {
			isa = PBXGroup;
			children = (
				E49253482C8CEAC900549232 /* CustomCellDelegate.swift */,
			);
			path = Delegate;
			sourceTree = "<group>";
		};
		E49253522C8DDD2B00549232 /* CustomObject */ = {
			isa = PBXGroup;
			children = (
				E49253502C8DDD2800549232 /* FullScreenButton.swift */,
			);
			path = CustomObject;
			sourceTree = "<group>";
		};
		E49253532C8DED8500549232 /* Constants */ = {
			isa = PBXGroup;
			children = (
				E492532A2C8BA8DA00549232 /* Constants.swift */,
			);
			path = Constants;
			sourceTree = "<group>";
		};
/* End PBXGroup section */

/* Begin PBXNativeTarget section */
		E44827C12C87565600E35A80 /* MiniApp */ = {
			isa = PBXNativeTarget;
			buildConfigurationList = E44827D62C87565700E35A80 /* Build configuration list for PBXNativeTarget "MiniApp" */;
			buildPhases = (
				E44827BE2C87565600E35A80 /* Sources */,
				E44827BF2C87565600E35A80 /* Frameworks */,
				E44827C02C87565600E35A80 /* Resources */,
			);
			buildRules = (
			);
			dependencies = (
			);
			name = MiniApp;
			packageProductDependencies = (
				E49253302C8BAA5600549232 /* Alamofire */,
				E49253392C8C72A800549232 /* TicTacToeSDK */,
				E492533E2C8C733900549232 /* WeatherSDK */,
			);
			productName = MiniApp;
			productReference = E44827C22C87565600E35A80 /* MiniApp.app */;
			productType = "com.apple.product-type.application";
		};
/* End PBXNativeTarget section */

/* Begin PBXProject section */
		E44827BA2C87565600E35A80 /* Project object */ = {
			isa = PBXProject;
			attributes = {
				BuildIndependentTargetsInParallel = 1;
				LastSwiftUpdateCheck = 1500;
				LastUpgradeCheck = 1500;
				TargetAttributes = {
					E44827C12C87565600E35A80 = {
						CreatedOnToolsVersion = 15.0;
					};
				};
			};
			buildConfigurationList = E44827BD2C87565600E35A80 /* Build configuration list for PBXProject "MiniApp" */;
			compatibilityVersion = "Xcode 14.0";
			developmentRegion = en;
			hasScannedForEncodings = 0;
			knownRegions = (
				en,
				Base,
			);
			mainGroup = E44827B92C87565600E35A80;
			packageReferences = (
				E492532F2C8BAA5600549232 /* XCRemoteSwiftPackageReference "Alamofire" */,
				E49253382C8C72A800549232 /* XCLocalSwiftPackageReference "TicTacToeSDK" */,
				E492533D2C8C733900549232 /* XCLocalSwiftPackageReference "WeatherSDK" */,
			);
			productRefGroup = E44827C32C87565600E35A80 /* Products */;
			projectDirPath = "";
			projectRoot = "";
			targets = (
				E44827C12C87565600E35A80 /* MiniApp */,
			);
		};
/* End PBXProject section */

/* Begin PBXResourcesBuildPhase section */
		E44827C02C87565600E35A80 /* Resources */ = {
			isa = PBXResourcesBuildPhase;
			buildActionMask = 2147483647;
			files = (
				E44827D22C87565700E35A80 /* LaunchScreen.storyboard in Resources */,
				E44827CF2C87565700E35A80 /* Assets.xcassets in Resources */,
			);
			runOnlyForDeploymentPostprocessing = 0;
		};
/* End PBXResourcesBuildPhase section */

/* Begin PBXSourcesBuildPhase section */
		E44827BE2C87565600E35A80 /* Sources */ = {
			isa = PBXSourcesBuildPhase;
			buildActionMask = 2147483647;
			files = (
				E492534C2C8DBBCE00549232 /* ExtensionCollor.swift in Sources */,
				E44827E62C8757DE00E35A80 /* CollectionViewAdapter.swift in Sources */,
				E492532B2C8BA8DA00549232 /* Constants.swift in Sources */,
				E442983D2C8A2173006B30A0 /* CurrentWeather.swift in Sources */,
				E49253462C8CD50000549232 /* FullScreenViewModel.swift in Sources */,
				E492531E2C8BA25F00549232 /* TicTacToeView.swift in Sources */,
				E49253352C8BAA7700549232 /* RouterInterface.swift in Sources */,
				E442983B2C8A211F006B30A0 /* NetworkError.swift in Sources */,
				E44827E22C87574600E35A80 /* MainViewModel.swift in Sources */,
				E44827E02C87572000E35A80 /* AppCoordinator.swift in Sources */,
				E49253412C8CD4D400549232 /* FullScreenViewController.swift in Sources */,
				E44827E92C8757ED00E35A80 /* Section.swift in Sources */,
				E49253252C8BA61500549232 /* ExtensionCell.swift in Sources */,
				E44827EB2C87581300E35A80 /* CityCollectionCell.swift in Sources */,
				E49253232C8BA30D00549232 /* TicTacToeCollectionCell.swift in Sources */,
				E49253512C8DDD2800549232 /* FullScreenButton.swift in Sources */,
				E492532D2C8BA97400549232 /* WeatherRouter.swift in Sources */,
				E44827EE2C87584C00E35A80 /* MainCellModel.swift in Sources */,
				E44827F32C87A6E100E35A80 /* WeatherCollectionCell.swift in Sources */,
				E492533C2C8C72F300549232 /* Extension.swift in Sources */,
				E44298332C8A0E7E006B30A0 /* WeatherView.swift in Sources */,
				E44827CA2C87565600E35A80 /* MainViewController.swift in Sources */,
				E49253492C8CEAC900549232 /* CustomCellDelegate.swift in Sources */,
				E44827F52C87A71100E35A80 /* CellType.swift in Sources */,
				E44827C62C87565600E35A80 /* AppDelegate.swift in Sources */,
				E44298382C8A2110006B30A0 /* NetworkService.swift in Sources */,
				E44827DD2C87570A00E35A80 /* CoordinatorProtocol.swift in Sources */,
			);
			runOnlyForDeploymentPostprocessing = 0;
		};
/* End PBXSourcesBuildPhase section */

/* Begin PBXVariantGroup section */
		E44827D02C87565700E35A80 /* LaunchScreen.storyboard */ = {
			isa = PBXVariantGroup;
			children = (
				E44827D12C87565700E35A80 /* Base */,
			);
			name = LaunchScreen.storyboard;
			sourceTree = "<group>";
		};
/* End PBXVariantGroup section */

/* Begin XCBuildConfiguration section */
		E44827D42C87565700E35A80 /* Debug */ = {
			isa = XCBuildConfiguration;
			buildSettings = {
				ALWAYS_SEARCH_USER_PATHS = NO;
				ASSETCATALOG_COMPILER_GENERATE_SWIFT_ASSET_SYMBOL_EXTENSIONS = YES;
				CLANG_ANALYZER_NONNULL = YES;
				CLANG_ANALYZER_NUMBER_OBJECT_CONVERSION = YES_AGGRESSIVE;
				CLANG_CXX_LANGUAGE_STANDARD = "gnu++20";
				CLANG_ENABLE_MODULES = YES;
				CLANG_ENABLE_OBJC_ARC = YES;
				CLANG_ENABLE_OBJC_WEAK = YES;
				CLANG_WARN_BLOCK_CAPTURE_AUTORELEASING = YES;
				CLANG_WARN_BOOL_CONVERSION = YES;
				CLANG_WARN_COMMA = YES;
				CLANG_WARN_CONSTANT_CONVERSION = YES;
				CLANG_WARN_DEPRECATED_OBJC_IMPLEMENTATIONS = YES;
				CLANG_WARN_DIRECT_OBJC_ISA_USAGE = YES_ERROR;
				CLANG_WARN_DOCUMENTATION_COMMENTS = YES;
				CLANG_WARN_EMPTY_BODY = YES;
				CLANG_WARN_ENUM_CONVERSION = YES;
				CLANG_WARN_INFINITE_RECURSION = YES;
				CLANG_WARN_INT_CONVERSION = YES;
				CLANG_WARN_NON_LITERAL_NULL_CONVERSION = YES;
				CLANG_WARN_OBJC_IMPLICIT_RETAIN_SELF = YES;
				CLANG_WARN_OBJC_LITERAL_CONVERSION = YES;
				CLANG_WARN_OBJC_ROOT_CLASS = YES_ERROR;
				CLANG_WARN_QUOTED_INCLUDE_IN_FRAMEWORK_HEADER = YES;
				CLANG_WARN_RANGE_LOOP_ANALYSIS = YES;
				CLANG_WARN_STRICT_PROTOTYPES = YES;
				CLANG_WARN_SUSPICIOUS_MOVE = YES;
				CLANG_WARN_UNGUARDED_AVAILABILITY = YES_AGGRESSIVE;
				CLANG_WARN_UNREACHABLE_CODE = YES;
				CLANG_WARN__DUPLICATE_METHOD_MATCH = YES;
				COPY_PHASE_STRIP = NO;
				DEBUG_INFORMATION_FORMAT = dwarf;
				ENABLE_STRICT_OBJC_MSGSEND = YES;
				ENABLE_TESTABILITY = YES;
				ENABLE_USER_SCRIPT_SANDBOXING = YES;
				GCC_C_LANGUAGE_STANDARD = gnu17;
				GCC_DYNAMIC_NO_PIC = NO;
				GCC_NO_COMMON_BLOCKS = YES;
				GCC_OPTIMIZATION_LEVEL = 0;
				GCC_PREPROCESSOR_DEFINITIONS = (
					"DEBUG=1",
					"$(inherited)",
				);
				GCC_WARN_64_TO_32_BIT_CONVERSION = YES;
				GCC_WARN_ABOUT_RETURN_TYPE = YES_ERROR;
				GCC_WARN_UNDECLARED_SELECTOR = YES;
				GCC_WARN_UNINITIALIZED_AUTOS = YES_AGGRESSIVE;
				GCC_WARN_UNUSED_FUNCTION = YES;
				GCC_WARN_UNUSED_VARIABLE = YES;
				IPHONEOS_DEPLOYMENT_TARGET = 17.0;
				LOCALIZATION_PREFERS_STRING_CATALOGS = YES;
				MTL_ENABLE_DEBUG_INFO = INCLUDE_SOURCE;
				MTL_FAST_MATH = YES;
				ONLY_ACTIVE_ARCH = YES;
				SDKROOT = iphoneos;
				SWIFT_ACTIVE_COMPILATION_CONDITIONS = "DEBUG $(inherited)";
				SWIFT_OPTIMIZATION_LEVEL = "-Onone";
			};
			name = Debug;
		};
		E44827D52C87565700E35A80 /* Release */ = {
			isa = XCBuildConfiguration;
			buildSettings = {
				ALWAYS_SEARCH_USER_PATHS = NO;
				ASSETCATALOG_COMPILER_GENERATE_SWIFT_ASSET_SYMBOL_EXTENSIONS = YES;
				CLANG_ANALYZER_NONNULL = YES;
				CLANG_ANALYZER_NUMBER_OBJECT_CONVERSION = YES_AGGRESSIVE;
				CLANG_CXX_LANGUAGE_STANDARD = "gnu++20";
				CLANG_ENABLE_MODULES = YES;
				CLANG_ENABLE_OBJC_ARC = YES;
				CLANG_ENABLE_OBJC_WEAK = YES;
				CLANG_WARN_BLOCK_CAPTURE_AUTORELEASING = YES;
				CLANG_WARN_BOOL_CONVERSION = YES;
				CLANG_WARN_COMMA = YES;
				CLANG_WARN_CONSTANT_CONVERSION = YES;
				CLANG_WARN_DEPRECATED_OBJC_IMPLEMENTATIONS = YES;
				CLANG_WARN_DIRECT_OBJC_ISA_USAGE = YES_ERROR;
				CLANG_WARN_DOCUMENTATION_COMMENTS = YES;
				CLANG_WARN_EMPTY_BODY = YES;
				CLANG_WARN_ENUM_CONVERSION = YES;
				CLANG_WARN_INFINITE_RECURSION = YES;
				CLANG_WARN_INT_CONVERSION = YES;
				CLANG_WARN_NON_LITERAL_NULL_CONVERSION = YES;
				CLANG_WARN_OBJC_IMPLICIT_RETAIN_SELF = YES;
				CLANG_WARN_OBJC_LITERAL_CONVERSION = YES;
				CLANG_WARN_OBJC_ROOT_CLASS = YES_ERROR;
				CLANG_WARN_QUOTED_INCLUDE_IN_FRAMEWORK_HEADER = YES;
				CLANG_WARN_RANGE_LOOP_ANALYSIS = YES;
				CLANG_WARN_STRICT_PROTOTYPES = YES;
				CLANG_WARN_SUSPICIOUS_MOVE = YES;
				CLANG_WARN_UNGUARDED_AVAILABILITY = YES_AGGRESSIVE;
				CLANG_WARN_UNREACHABLE_CODE = YES;
				CLANG_WARN__DUPLICATE_METHOD_MATCH = YES;
				COPY_PHASE_STRIP = NO;
				DEBUG_INFORMATION_FORMAT = "dwarf-with-dsym";
				ENABLE_NS_ASSERTIONS = NO;
				ENABLE_STRICT_OBJC_MSGSEND = YES;
				ENABLE_USER_SCRIPT_SANDBOXING = YES;
				GCC_C_LANGUAGE_STANDARD = gnu17;
				GCC_NO_COMMON_BLOCKS = YES;
				GCC_WARN_64_TO_32_BIT_CONVERSION = YES;
				GCC_WARN_ABOUT_RETURN_TYPE = YES_ERROR;
				GCC_WARN_UNDECLARED_SELECTOR = YES;
				GCC_WARN_UNINITIALIZED_AUTOS = YES_AGGRESSIVE;
				GCC_WARN_UNUSED_FUNCTION = YES;
				GCC_WARN_UNUSED_VARIABLE = YES;
				IPHONEOS_DEPLOYMENT_TARGET = 17.0;
				LOCALIZATION_PREFERS_STRING_CATALOGS = YES;
				MTL_ENABLE_DEBUG_INFO = NO;
				MTL_FAST_MATH = YES;
				SDKROOT = iphoneos;
				SWIFT_COMPILATION_MODE = wholemodule;
				VALIDATE_PRODUCT = YES;
			};
			name = Release;
		};
		E44827D72C87565700E35A80 /* Debug */ = {
			isa = XCBuildConfiguration;
			buildSettings = {
				ASSETCATALOG_COMPILER_APPICON_NAME = AppIcon;
				ASSETCATALOG_COMPILER_GLOBAL_ACCENT_COLOR_NAME = AccentColor;
				CODE_SIGN_STYLE = Automatic;
				CURRENT_PROJECT_VERSION = 1;
				DEVELOPMENT_TEAM = 38T9RQ5V9X;
				GENERATE_INFOPLIST_FILE = YES;
				INFOPLIST_FILE = MiniApp/SupportingFiles/Info.plist;
				INFOPLIST_KEY_UIApplicationSupportsIndirectInputEvents = YES;
				INFOPLIST_KEY_UILaunchStoryboardName = LaunchScreen;
				INFOPLIST_KEY_UISupportedInterfaceOrientations_iPad = "UIInterfaceOrientationPortrait UIInterfaceOrientationPortraitUpsideDown UIInterfaceOrientationLandscapeLeft UIInterfaceOrientationLandscapeRight";
				INFOPLIST_KEY_UISupportedInterfaceOrientations_iPhone = "UIInterfaceOrientationPortrait UIInterfaceOrientationLandscapeLeft UIInterfaceOrientationLandscapeRight";
				LD_RUNPATH_SEARCH_PATHS = (
					"$(inherited)",
					"@executable_path/Frameworks",
				);
				MARKETING_VERSION = 1.0;
				PRODUCT_BUNDLE_IDENTIFIER = donailo456.MiniApp;
				PRODUCT_NAME = "$(TARGET_NAME)";
				SWIFT_EMIT_LOC_STRINGS = YES;
				SWIFT_VERSION = 5.0;
				TARGETED_DEVICE_FAMILY = "1,2";
			};
			name = Debug;
		};
		E44827D82C87565700E35A80 /* Release */ = {
			isa = XCBuildConfiguration;
			buildSettings = {
				ASSETCATALOG_COMPILER_APPICON_NAME = AppIcon;
				ASSETCATALOG_COMPILER_GLOBAL_ACCENT_COLOR_NAME = AccentColor;
				CODE_SIGN_STYLE = Automatic;
				CURRENT_PROJECT_VERSION = 1;
				DEVELOPMENT_TEAM = 38T9RQ5V9X;
				GENERATE_INFOPLIST_FILE = YES;
				INFOPLIST_FILE = MiniApp/SupportingFiles/Info.plist;
				INFOPLIST_KEY_UIApplicationSupportsIndirectInputEvents = YES;
				INFOPLIST_KEY_UILaunchStoryboardName = LaunchScreen;
				INFOPLIST_KEY_UISupportedInterfaceOrientations_iPad = "UIInterfaceOrientationPortrait UIInterfaceOrientationPortraitUpsideDown UIInterfaceOrientationLandscapeLeft UIInterfaceOrientationLandscapeRight";
				INFOPLIST_KEY_UISupportedInterfaceOrientations_iPhone = "UIInterfaceOrientationPortrait UIInterfaceOrientationLandscapeLeft UIInterfaceOrientationLandscapeRight";
				LD_RUNPATH_SEARCH_PATHS = (
					"$(inherited)",
					"@executable_path/Frameworks",
				);
				MARKETING_VERSION = 1.0;
				PRODUCT_BUNDLE_IDENTIFIER = donailo456.MiniApp;
				PRODUCT_NAME = "$(TARGET_NAME)";
				SWIFT_EMIT_LOC_STRINGS = YES;
				SWIFT_VERSION = 5.0;
				TARGETED_DEVICE_FAMILY = "1,2";
			};
			name = Release;
		};
/* End XCBuildConfiguration section */

/* Begin XCConfigurationList section */
		E44827BD2C87565600E35A80 /* Build configuration list for PBXProject "MiniApp" */ = {
			isa = XCConfigurationList;
			buildConfigurations = (
				E44827D42C87565700E35A80 /* Debug */,
				E44827D52C87565700E35A80 /* Release */,
			);
			defaultConfigurationIsVisible = 0;
			defaultConfigurationName = Release;
		};
		E44827D62C87565700E35A80 /* Build configuration list for PBXNativeTarget "MiniApp" */ = {
			isa = XCConfigurationList;
			buildConfigurations = (
				E44827D72C87565700E35A80 /* Debug */,
				E44827D82C87565700E35A80 /* Release */,
			);
			defaultConfigurationIsVisible = 0;
			defaultConfigurationName = Release;
		};
/* End XCConfigurationList section */

/* Begin XCLocalSwiftPackageReference section */
		E49253382C8C72A800549232 /* XCLocalSwiftPackageReference "TicTacToeSDK" */ = {
			isa = XCLocalSwiftPackageReference;
			relativePath = TicTacToeSDK;
		};
		E492533D2C8C733900549232 /* XCLocalSwiftPackageReference "WeatherSDK" */ = {
			isa = XCLocalSwiftPackageReference;
			relativePath = WeatherSDK;
		};
/* End XCLocalSwiftPackageReference section */

/* Begin XCRemoteSwiftPackageReference section */
		E492532F2C8BAA5600549232 /* XCRemoteSwiftPackageReference "Alamofire" */ = {
			isa = XCRemoteSwiftPackageReference;
			repositoryURL = "https://github.com/Alamofire/Alamofire.git";
			requirement = {
				kind = upToNextMajorVersion;
				minimumVersion = 5.9.1;
			};
		};
/* End XCRemoteSwiftPackageReference section */

/* Begin XCSwiftPackageProductDependency section */
		E49253302C8BAA5600549232 /* Alamofire */ = {
			isa = XCSwiftPackageProductDependency;
			package = E492532F2C8BAA5600549232 /* XCRemoteSwiftPackageReference "Alamofire" */;
			productName = Alamofire;
		};
		E49253392C8C72A800549232 /* TicTacToeSDK */ = {
			isa = XCSwiftPackageProductDependency;
			productName = TicTacToeSDK;
		};
		E492533E2C8C733900549232 /* WeatherSDK */ = {
			isa = XCSwiftPackageProductDependency;
			productName = WeatherSDK;
		};
/* End XCSwiftPackageProductDependency section */
	};
	rootObject = E44827BA2C87565600E35A80 /* Project object */;
}
