// !$*UTF8*$!
{
	archiveVersion = 1;
	classes = {
	};
	objectVersion = 56;
	objects = {

/* Begin PBXBuildFile section */
		E44827C62C87565600E35A80 /* AppDelegate.swift in Sources */ = {isa = PBXBuildFile; fileRef = E44827C52C87565600E35A80 /* AppDelegate.swift */; };
		E44827CA2C87565600E35A80 /* MainViewController.swift in Sources */ = {isa = PBXBuildFile; fileRef = E44827C92C87565600E35A80 /* MainViewController.swift */; };
		E44827CF2C87565700E35A80 /* Assets.xcassets in Resources */ = {isa = PBXBuildFile; fileRef = E44827CE2C87565700E35A80 /* Assets.xcassets */; };
		E44827D22C87565700E35A80 /* LaunchScreen.storyboard in Resources */ = {isa = PBXBuildFile; fileRef = E44827D02C87565700E35A80 /* LaunchScreen.storyboard */; };
		E44827DD2C87570A00E35A80 /* CoordinatorProtocol.swift in Sources */ = {isa = PBXBuildFile; fileRef = E44827DC2C87570A00E35A80 /* CoordinatorProtocol.swift */; };
		E44827E02C87572000E35A80 /* AppCoordinator.swift in Sources */ = {isa = PBXBuildFile; fileRef = E44827DF2C87572000E35A80 /* AppCoordinator.swift */; };
		E44827E22C87574600E35A80 /* MainViewModel.swift in Sources */ = {isa = PBXBuildFile; fileRef = E44827E12C87574600E35A80 /* MainViewModel.swift */; };
		E44827E62C8757DE00E35A80 /* CollectionViewAdapter.swift in Sources */ = {isa = PBXBuildFile; fileRef = E44827E52C8757DE00E35A80 /* CollectionViewAdapter.swift */; };
		E44827E92C8757ED00E35A80 /* Section.swift in Sources */ = {isa = PBXBuildFile; fileRef = E44827E82C8757ED00E35A80 /* Section.swift */; };
		E44827EB2C87581300E35A80 /* MainCollectionCell.swift in Sources */ = {isa = PBXBuildFile; fileRef = E44827EA2C87581300E35A80 /* MainCollectionCell.swift */; };
		E44827EE2C87584C00E35A80 /* MainCellModel.swift in Sources */ = {isa = PBXBuildFile; fileRef = E44827ED2C87584C00E35A80 /* MainCellModel.swift */; };
		E44827F32C87A6E100E35A80 /* WeatherCollectionCell.swift in Sources */ = {isa = PBXBuildFile; fileRef = E44827F22C87A6E100E35A80 /* WeatherCollectionCell.swift */; };
		E44827F52C87A71100E35A80 /* CellType.swift in Sources */ = {isa = PBXBuildFile; fileRef = E44827F42C87A71100E35A80 /* CellType.swift */; };
/* End PBXBuildFile section */

/* Begin PBXFileReference section */
		E44827C22C87565600E35A80 /* MiniApp.app */ = {isa = PBXFileReference; explicitFileType = wrapper.application; includeInIndex = 0; path = MiniApp.app; sourceTree = BUILT_PRODUCTS_DIR; };
		E44827C52C87565600E35A80 /* AppDelegate.swift */ = {isa = PBXFileReference; lastKnownFileType = sourcecode.swift; path = AppDelegate.swift; sourceTree = "<group>"; };
		E44827C92C87565600E35A80 /* MainViewController.swift */ = {isa = PBXFileReference; lastKnownFileType = sourcecode.swift; path = MainViewController.swift; sourceTree = "<group>"; };
		E44827CE2C87565700E35A80 /* Assets.xcassets */ = {isa = PBXFileReference; lastKnownFileType = folder.assetcatalog; path = Assets.xcassets; sourceTree = "<group>"; };
		E44827D12C87565700E35A80 /* Base */ = {isa = PBXFileReference; lastKnownFileType = file.storyboard; name = Base; path = Base.lproj/LaunchScreen.storyboard; sourceTree = "<group>"; };
		E44827D32C87565700E35A80 /* Info.plist */ = {isa = PBXFileReference; lastKnownFileType = text.plist.xml; path = Info.plist; sourceTree = "<group>"; };
		E44827DC2C87570A00E35A80 /* CoordinatorProtocol.swift */ = {isa = PBXFileReference; lastKnownFileType = sourcecode.swift; path = CoordinatorProtocol.swift; sourceTree = "<group>"; };
		E44827DF2C87572000E35A80 /* AppCoordinator.swift */ = {isa = PBXFileReference; lastKnownFileType = sourcecode.swift; path = AppCoordinator.swift; sourceTree = "<group>"; };
		E44827E12C87574600E35A80 /* MainViewModel.swift */ = {isa = PBXFileReference; lastKnownFileType = sourcecode.swift; path = MainViewModel.swift; sourceTree = "<group>"; };
		E44827E52C8757DE00E35A80 /* CollectionViewAdapter.swift */ = {isa = PBXFileReference; lastKnownFileType = sourcecode.swift; path = CollectionViewAdapter.swift; sourceTree = "<group>"; };
		E44827E82C8757ED00E35A80 /* Section.swift */ = {isa = PBXFileReference; lastKnownFileType = sourcecode.swift; path = Section.swift; sourceTree = "<group>"; };
		E44827EA2C87581300E35A80 /* MainCollectionCell.swift */ = {isa = PBXFileReference; lastKnownFileType = sourcecode.swift; path = MainCollectionCell.swift; sourceTree = "<group>"; };
		E44827ED2C87584C00E35A80 /* MainCellModel.swift */ = {isa = PBXFileReference; lastKnownFileType = sourcecode.swift; path = MainCellModel.swift; sourceTree = "<group>"; };
		E44827F22C87A6E100E35A80 /* WeatherCollectionCell.swift */ = {isa = PBXFileReference; lastKnownFileType = sourcecode.swift; path = WeatherCollectionCell.swift; sourceTree = "<group>"; };
		E44827F42C87A71100E35A80 /* CellType.swift */ = {isa = PBXFileReference; lastKnownFileType = sourcecode.swift; path = CellType.swift; sourceTree = "<group>"; };
/* End PBXFileReference section */

/* Begin PBXFrameworksBuildPhase section */
		E44827BF2C87565600E35A80 /* Frameworks */ = {
			isa = PBXFrameworksBuildPhase;
			buildActionMask = 2147483647;
			files = (
			);
			runOnlyForDeploymentPostprocessing = 0;
		};
/* End PBXFrameworksBuildPhase section */

/* Begin PBXGroup section */
		E44827B92C87565600E35A80 = {
			isa = PBXGroup;
			children = (
				E44827C42C87565600E35A80 /* MiniApp */,
				E44827C32C87565600E35A80 /* Products */,
			);
			sourceTree = "<group>";
		};
		E44827C32C87565600E35A80 /* Products */ = {
			isa = PBXGroup;
			children = (
				E44827C22C87565600E35A80 /* MiniApp.app */,
			);
			name = Products;
			sourceTree = "<group>";
		};
		E44827C42C87565600E35A80 /* MiniApp */ = {
			isa = PBXGroup;
			children = (
				E44827D92C8756A400E35A80 /* Application */,
				E44827DE2C87570C00E35A80 /* Coordinator */,
				E44827E32C87574E00E35A80 /* MainViewModels */,
				E44827DB2C8756F200E35A80 /* MainViewController */,
				E44827DA2C8756B100E35A80 /* SupportingFiles */,
			);
			path = MiniApp;
			sourceTree = "<group>";
		};
		E44827D92C8756A400E35A80 /* Application */ = {
			isa = PBXGroup;
			children = (
				E44827C52C87565600E35A80 /* AppDelegate.swift */,
			);
			path = Application;
			sourceTree = "<group>";
		};
		E44827DA2C8756B100E35A80 /* SupportingFiles */ = {
			isa = PBXGroup;
			children = (
				E44827CE2C87565700E35A80 /* Assets.xcassets */,
				E44827D02C87565700E35A80 /* LaunchScreen.storyboard */,
				E44827D32C87565700E35A80 /* Info.plist */,
			);
			path = SupportingFiles;
			sourceTree = "<group>";
		};
		E44827DB2C8756F200E35A80 /* MainViewController */ = {
			isa = PBXGroup;
			children = (
				E44827E42C8757C500E35A80 /* View */,
				E44827E72C8757E000E35A80 /* Adapter */,
				E44827EC2C87581600E35A80 /* CollectionViewCell */,
				E44827EF2C87585500E35A80 /* Model */,
			);
			path = MainViewController;
			sourceTree = "<group>";
		};
		E44827DE2C87570C00E35A80 /* Coordinator */ = {
			isa = PBXGroup;
			children = (
				E44827DC2C87570A00E35A80 /* CoordinatorProtocol.swift */,
				E44827DF2C87572000E35A80 /* AppCoordinator.swift */,
			);
			path = Coordinator;
			sourceTree = "<group>";
		};
		E44827E32C87574E00E35A80 /* MainViewModels */ = {
			isa = PBXGroup;
			children = (
				E44827E12C87574600E35A80 /* MainViewModel.swift */,
			);
			path = MainViewModels;
			sourceTree = "<group>";
		};
		E44827E42C8757C500E35A80 /* View */ = {
			isa = PBXGroup;
			children = (
				E44827C92C87565600E35A80 /* MainViewController.swift */,
			);
			path = View;
			sourceTree = "<group>";
		};
		E44827E72C8757E000E35A80 /* Adapter */ = {
			isa = PBXGroup;
			children = (
				E44827E52C8757DE00E35A80 /* CollectionViewAdapter.swift */,
				E44827E82C8757ED00E35A80 /* Section.swift */,
			);
			path = Adapter;
			sourceTree = "<group>";
		};
		E44827EC2C87581600E35A80 /* CollectionViewCell */ = {
			isa = PBXGroup;
			children = (
				E44827F92C8850D200E35A80 /* ContentView */,
				E44827F82C8850C800E35A80 /* Type */,
			);
			path = CollectionViewCell;
			sourceTree = "<group>";
		};
		E44827EF2C87585500E35A80 /* Model */ = {
			isa = PBXGroup;
			children = (
				E44827ED2C87584C00E35A80 /* MainCellModel.swift */,
			);
			path = Model;
			sourceTree = "<group>";
		};
		E44827F82C8850C800E35A80 /* Type */ = {
			isa = PBXGroup;
			children = (
				E44827F42C87A71100E35A80 /* CellType.swift */,
			);
			path = Type;
			sourceTree = "<group>";
		};
		E44827F92C8850D200E35A80 /* ContentView */ = {
			isa = PBXGroup;
			children = (
				E44827EA2C87581300E35A80 /* MainCollectionCell.swift */,
				E44827F22C87A6E100E35A80 /* WeatherCollectionCell.swift */,
			);
			path = ContentView;
			sourceTree = "<group>";
		};
/* End PBXGroup section */

/* Begin PBXNativeTarget section */
		E44827C12C87565600E35A80 /* MiniApp */ = {
			isa = PBXNativeTarget;
			buildConfigurationList = E44827D62C87565700E35A80 /* Build configuration list for PBXNativeTarget "MiniApp" */;
			buildPhases = (
				E44827BE2C87565600E35A80 /* Sources */,
				E44827BF2C87565600E35A80 /* Frameworks */,
				E44827C02C87565600E35A80 /* Resources */,
			);
			buildRules = (
			);
			dependencies = (
			);
			name = MiniApp;
			productName = MiniApp;
			productReference = E44827C22C87565600E35A80 /* MiniApp.app */;
			productType = "com.apple.product-type.application";
		};
/* End PBXNativeTarget section */

/* Begin PBXProject section */
		E44827BA2C87565600E35A80 /* Project object */ = {
			isa = PBXProject;
			attributes = {
				BuildIndependentTargetsInParallel = 1;
				LastSwiftUpdateCheck = 1500;
				LastUpgradeCheck = 1500;
				TargetAttributes = {
					E44827C12C87565600E35A80 = {
						CreatedOnToolsVersion = 15.0;
					};
				};
			};
			buildConfigurationList = E44827BD2C87565600E35A80 /* Build configuration list for PBXProject "MiniApp" */;
			compatibilityVersion = "Xcode 14.0";
			developmentRegion = en;
			hasScannedForEncodings = 0;
			knownRegions = (
				en,
				Base,
			);
			mainGroup = E44827B92C87565600E35A80;
			productRefGroup = E44827C32C87565600E35A80 /* Products */;
			projectDirPath = "";
			projectRoot = "";
			targets = (
				E44827C12C87565600E35A80 /* MiniApp */,
			);
		};
/* End PBXProject section */

/* Begin PBXResourcesBuildPhase section */
		E44827C02C87565600E35A80 /* Resources */ = {
			isa = PBXResourcesBuildPhase;
			buildActionMask = 2147483647;
			files = (
				E44827D22C87565700E35A80 /* LaunchScreen.storyboard in Resources */,
				E44827CF2C87565700E35A80 /* Assets.xcassets in Resources */,
			);
			runOnlyForDeploymentPostprocessing = 0;
		};
/* End PBXResourcesBuildPhase section */

/* Begin PBXSourcesBuildPhase section */
		E44827BE2C87565600E35A80 /* Sources */ = {
			isa = PBXSourcesBuildPhase;
			buildActionMask = 2147483647;
			files = (
				E44827E62C8757DE00E35A80 /* CollectionViewAdapter.swift in Sources */,
				E44827E22C87574600E35A80 /* MainViewModel.swift in Sources */,
				E44827E02C87572000E35A80 /* AppCoordinator.swift in Sources */,
				E44827E92C8757ED00E35A80 /* Section.swift in Sources */,
				E44827EB2C87581300E35A80 /* MainCollectionCell.swift in Sources */,
				E44827EE2C87584C00E35A80 /* MainCellModel.swift in Sources */,
				E44827F32C87A6E100E35A80 /* WeatherCollectionCell.swift in Sources */,
				E44827CA2C87565600E35A80 /* MainViewController.swift in Sources */,
				E44827F52C87A71100E35A80 /* CellType.swift in Sources */,
				E44827C62C87565600E35A80 /* AppDelegate.swift in Sources */,
				E44827DD2C87570A00E35A80 /* CoordinatorProtocol.swift in Sources */,
			);
			runOnlyForDeploymentPostprocessing = 0;
		};
/* End PBXSourcesBuildPhase section */

/* Begin PBXVariantGroup section */
		E44827D02C87565700E35A80 /* LaunchScreen.storyboard */ = {
			isa = PBXVariantGroup;
			children = (
				E44827D12C87565700E35A80 /* Base */,
			);
			name = LaunchScreen.storyboard;
			sourceTree = "<group>";
		};
/* End PBXVariantGroup section */

/* Begin XCBuildConfiguration section */
		E44827D42C87565700E35A80 /* Debug */ = {
			isa = XCBuildConfiguration;
			buildSettings = {
				ALWAYS_SEARCH_USER_PATHS = NO;
				ASSETCATALOG_COMPILER_GENERATE_SWIFT_ASSET_SYMBOL_EXTENSIONS = YES;
				CLANG_ANALYZER_NONNULL = YES;
				CLANG_ANALYZER_NUMBER_OBJECT_CONVERSION = YES_AGGRESSIVE;
				CLANG_CXX_LANGUAGE_STANDARD = "gnu++20";
				CLANG_ENABLE_MODULES = YES;
				CLANG_ENABLE_OBJC_ARC = YES;
				CLANG_ENABLE_OBJC_WEAK = YES;
				CLANG_WARN_BLOCK_CAPTURE_AUTORELEASING = YES;
				CLANG_WARN_BOOL_CONVERSION = YES;
				CLANG_WARN_COMMA = YES;
				CLANG_WARN_CONSTANT_CONVERSION = YES;
				CLANG_WARN_DEPRECATED_OBJC_IMPLEMENTATIONS = YES;
				CLANG_WARN_DIRECT_OBJC_ISA_USAGE = YES_ERROR;
				CLANG_WARN_DOCUMENTATION_COMMENTS = YES;
				CLANG_WARN_EMPTY_BODY = YES;
				CLANG_WARN_ENUM_CONVERSION = YES;
				CLANG_WARN_INFINITE_RECURSION = YES;
				CLANG_WARN_INT_CONVERSION = YES;
				CLANG_WARN_NON_LITERAL_NULL_CONVERSION = YES;
				CLANG_WARN_OBJC_IMPLICIT_RETAIN_SELF = YES;
				CLANG_WARN_OBJC_LITERAL_CONVERSION = YES;
				CLANG_WARN_OBJC_ROOT_CLASS = YES_ERROR;
				CLANG_WARN_QUOTED_INCLUDE_IN_FRAMEWORK_HEADER = YES;
				CLANG_WARN_RANGE_LOOP_ANALYSIS = YES;
				CLANG_WARN_STRICT_PROTOTYPES = YES;
				CLANG_WARN_SUSPICIOUS_MOVE = YES;
				CLANG_WARN_UNGUARDED_AVAILABILITY = YES_AGGRESSIVE;
				CLANG_WARN_UNREACHABLE_CODE = YES;
				CLANG_WARN__DUPLICATE_METHOD_MATCH = YES;
				COPY_PHASE_STRIP = NO;
				DEBUG_INFORMATION_FORMAT = dwarf;
				ENABLE_STRICT_OBJC_MSGSEND = YES;
				ENABLE_TESTABILITY = YES;
				ENABLE_USER_SCRIPT_SANDBOXING = YES;
				GCC_C_LANGUAGE_STANDARD = gnu17;
				GCC_DYNAMIC_NO_PIC = NO;
				GCC_NO_COMMON_BLOCKS = YES;
				GCC_OPTIMIZATION_LEVEL = 0;
				GCC_PREPROCESSOR_DEFINITIONS = (
					"DEBUG=1",
					"$(inherited)",
				);
				GCC_WARN_64_TO_32_BIT_CONVERSION = YES;
				GCC_WARN_ABOUT_RETURN_TYPE = YES_ERROR;
				GCC_WARN_UNDECLARED_SELECTOR = YES;
				GCC_WARN_UNINITIALIZED_AUTOS = YES_AGGRESSIVE;
				GCC_WARN_UNUSED_FUNCTION = YES;
				GCC_WARN_UNUSED_VARIABLE = YES;
				IPHONEOS_DEPLOYMENT_TARGET = 17.0;
				LOCALIZATION_PREFERS_STRING_CATALOGS = YES;
				MTL_ENABLE_DEBUG_INFO = INCLUDE_SOURCE;
				MTL_FAST_MATH = YES;
				ONLY_ACTIVE_ARCH = YES;
				SDKROOT = iphoneos;
				SWIFT_ACTIVE_COMPILATION_CONDITIONS = "DEBUG $(inherited)";
				SWIFT_OPTIMIZATION_LEVEL = "-Onone";
			};
			name = Debug;
		};
		E44827D52C87565700E35A80 /* Release */ = {
			isa = XCBuildConfiguration;
			buildSettings = {
				ALWAYS_SEARCH_USER_PATHS = NO;
				ASSETCATALOG_COMPILER_GENERATE_SWIFT_ASSET_SYMBOL_EXTENSIONS = YES;
				CLANG_ANALYZER_NONNULL = YES;
				CLANG_ANALYZER_NUMBER_OBJECT_CONVERSION = YES_AGGRESSIVE;
				CLANG_CXX_LANGUAGE_STANDARD = "gnu++20";
				CLANG_ENABLE_MODULES = YES;
				CLANG_ENABLE_OBJC_ARC = YES;
				CLANG_ENABLE_OBJC_WEAK = YES;
				CLANG_WARN_BLOCK_CAPTURE_AUTORELEASING = YES;
				CLANG_WARN_BOOL_CONVERSION = YES;
				CLANG_WARN_COMMA = YES;
				CLANG_WARN_CONSTANT_CONVERSION = YES;
				CLANG_WARN_DEPRECATED_OBJC_IMPLEMENTATIONS = YES;
				CLANG_WARN_DIRECT_OBJC_ISA_USAGE = YES_ERROR;
				CLANG_WARN_DOCUMENTATION_COMMENTS = YES;
				CLANG_WARN_EMPTY_BODY = YES;
				CLANG_WARN_ENUM_CONVERSION = YES;
				CLANG_WARN_INFINITE_RECURSION = YES;
				CLANG_WARN_INT_CONVERSION = YES;
				CLANG_WARN_NON_LITERAL_NULL_CONVERSION = YES;
				CLANG_WARN_OBJC_IMPLICIT_RETAIN_SELF = YES;
				CLANG_WARN_OBJC_LITERAL_CONVERSION = YES;
				CLANG_WARN_OBJC_ROOT_CLASS = YES_ERROR;
				CLANG_WARN_QUOTED_INCLUDE_IN_FRAMEWORK_HEADER = YES;
				CLANG_WARN_RANGE_LOOP_ANALYSIS = YES;
				CLANG_WARN_STRICT_PROTOTYPES = YES;
				CLANG_WARN_SUSPICIOUS_MOVE = YES;
				CLANG_WARN_UNGUARDED_AVAILABILITY = YES_AGGRESSIVE;
				CLANG_WARN_UNREACHABLE_CODE = YES;
				CLANG_WARN__DUPLICATE_METHOD_MATCH = YES;
				COPY_PHASE_STRIP = NO;
				DEBUG_INFORMATION_FORMAT = "dwarf-with-dsym";
				ENABLE_NS_ASSERTIONS = NO;
				ENABLE_STRICT_OBJC_MSGSEND = YES;
				ENABLE_USER_SCRIPT_SANDBOXING = YES;
				GCC_C_LANGUAGE_STANDARD = gnu17;
				GCC_NO_COMMON_BLOCKS = YES;
				GCC_WARN_64_TO_32_BIT_CONVERSION = YES;
				GCC_WARN_ABOUT_RETURN_TYPE = YES_ERROR;
				GCC_WARN_UNDECLARED_SELECTOR = YES;
				GCC_WARN_UNINITIALIZED_AUTOS = YES_AGGRESSIVE;
				GCC_WARN_UNUSED_FUNCTION = YES;
				GCC_WARN_UNUSED_VARIABLE = YES;
				IPHONEOS_DEPLOYMENT_TARGET = 17.0;
				LOCALIZATION_PREFERS_STRING_CATALOGS = YES;
				MTL_ENABLE_DEBUG_INFO = NO;
				MTL_FAST_MATH = YES;
				SDKROOT = iphoneos;
				SWIFT_COMPILATION_MODE = wholemodule;
				VALIDATE_PRODUCT = YES;
			};
			name = Release;
		};
		E44827D72C87565700E35A80 /* Debug */ = {
			isa = XCBuildConfiguration;
			buildSettings = {
				ASSETCATALOG_COMPILER_APPICON_NAME = AppIcon;
				ASSETCATALOG_COMPILER_GLOBAL_ACCENT_COLOR_NAME = AccentColor;
				CODE_SIGN_STYLE = Automatic;
				CURRENT_PROJECT_VERSION = 1;
				DEVELOPMENT_TEAM = 38T9RQ5V9X;
				GENERATE_INFOPLIST_FILE = YES;
				INFOPLIST_FILE = MiniApp/SupportingFiles/Info.plist;
				INFOPLIST_KEY_UIApplicationSupportsIndirectInputEvents = YES;
				INFOPLIST_KEY_UILaunchStoryboardName = LaunchScreen;
				INFOPLIST_KEY_UISupportedInterfaceOrientations_iPad = "UIInterfaceOrientationPortrait UIInterfaceOrientationPortraitUpsideDown UIInterfaceOrientationLandscapeLeft UIInterfaceOrientationLandscapeRight";
				INFOPLIST_KEY_UISupportedInterfaceOrientations_iPhone = "UIInterfaceOrientationPortrait UIInterfaceOrientationLandscapeLeft UIInterfaceOrientationLandscapeRight";
				LD_RUNPATH_SEARCH_PATHS = (
					"$(inherited)",
					"@executable_path/Frameworks",
				);
				MARKETING_VERSION = 1.0;
				PRODUCT_BUNDLE_IDENTIFIER = donailo456.MiniApp;
				PRODUCT_NAME = "$(TARGET_NAME)";
				SWIFT_EMIT_LOC_STRINGS = YES;
				SWIFT_VERSION = 5.0;
				TARGETED_DEVICE_FAMILY = "1,2";
			};
			name = Debug;
		};
		E44827D82C87565700E35A80 /* Release */ = {
			isa = XCBuildConfiguration;
			buildSettings = {
				ASSETCATALOG_COMPILER_APPICON_NAME = AppIcon;
				ASSETCATALOG_COMPILER_GLOBAL_ACCENT_COLOR_NAME = AccentColor;
				CODE_SIGN_STYLE = Automatic;
				CURRENT_PROJECT_VERSION = 1;
				DEVELOPMENT_TEAM = 38T9RQ5V9X;
				GENERATE_INFOPLIST_FILE = YES;
				INFOPLIST_FILE = MiniApp/SupportingFiles/Info.plist;
				INFOPLIST_KEY_UIApplicationSupportsIndirectInputEvents = YES;
				INFOPLIST_KEY_UILaunchStoryboardName = LaunchScreen;
				INFOPLIST_KEY_UISupportedInterfaceOrientations_iPad = "UIInterfaceOrientationPortrait UIInterfaceOrientationPortraitUpsideDown UIInterfaceOrientationLandscapeLeft UIInterfaceOrientationLandscapeRight";
				INFOPLIST_KEY_UISupportedInterfaceOrientations_iPhone = "UIInterfaceOrientationPortrait UIInterfaceOrientationLandscapeLeft UIInterfaceOrientationLandscapeRight";
				LD_RUNPATH_SEARCH_PATHS = (
					"$(inherited)",
					"@executable_path/Frameworks",
				);
				MARKETING_VERSION = 1.0;
				PRODUCT_BUNDLE_IDENTIFIER = donailo456.MiniApp;
				PRODUCT_NAME = "$(TARGET_NAME)";
				SWIFT_EMIT_LOC_STRINGS = YES;
				SWIFT_VERSION = 5.0;
				TARGETED_DEVICE_FAMILY = "1,2";
			};
			name = Release;
		};
/* End XCBuildConfiguration section */

/* Begin XCConfigurationList section */
		E44827BD2C87565600E35A80 /* Build configuration list for PBXProject "MiniApp" */ = {
			isa = XCConfigurationList;
			buildConfigurations = (
				E44827D42C87565700E35A80 /* Debug */,
				E44827D52C87565700E35A80 /* Release */,
			);
			defaultConfigurationIsVisible = 0;
			defaultConfigurationName = Release;
		};
		E44827D62C87565700E35A80 /* Build configuration list for PBXNativeTarget "MiniApp" */ = {
			isa = XCConfigurationList;
			buildConfigurations = (
				E44827D72C87565700E35A80 /* Debug */,
				E44827D82C87565700E35A80 /* Release */,
			);
			defaultConfigurationIsVisible = 0;
			defaultConfigurationName = Release;
		};
/* End XCConfigurationList section */
	};
	rootObject = E44827BA2C87565600E35A80 /* Project object */;
}
